
Microsoft Visual Studio Solution File, Format Version 12.00
# Visual Studio 15
VisualStudioVersion = 15.0.26124.0
MinimumVisualStudioVersion = 15.0.26124.0
Project("{FAE04EC0-301F-11D3-BF4B-00C04F79EFBC}") = "TvSeries.Application", "TvSeries.Application\TvSeries.Application.csproj", "{43681A8D-23FE-4AB4-8EC3-FD5B78217E62}"
EndProject
Project("{FAE04EC0-301F-11D3-BF4B-00C04F79EFBC}") = "TvSeries.Domain", "TvSeries.Domain\TvSeries.Domain.csproj", "{72E24470-5BF9-4ED8-B040-5916FB639180}"
EndProject
Project("{FAE04EC0-301F-11D3-BF4B-00C04F79EFBC}") = "TvSeries.Domain.Infra", "TvSeries.Domain.Infra\TvSeries.Domain.Infra.csproj", "{A4A3FA36-8E3E-4D40-BC2F-371E9103B9AA}"
EndProject
Global
	GlobalSection(SolutionConfigurationPlatforms) = preSolution
		Debug|Any CPU = Debug|Any CPU
		Debug|x64 = Debug|x64
		Debug|x86 = Debug|x86
		Release|Any CPU = Release|Any CPU
		Release|x64 = Release|x64
		Release|x86 = Release|x86
	EndGlobalSection
	GlobalSection(SolutionProperties) = preSolution
		HideSolutionNode = FALSE
	EndGlobalSection
	GlobalSection(ProjectConfigurationPlatforms) = postSolution
		{43681A8D-23FE-4AB4-8EC3-FD5B78217E62}.Debug|Any CPU.ActiveCfg = Debug|Any CPU
		{43681A8D-23FE-4AB4-8EC3-FD5B78217E62}.Debug|Any CPU.Build.0 = Debug|Any CPU
		{43681A8D-23FE-4AB4-8EC3-FD5B78217E62}.Debug|x64.ActiveCfg = Debug|Any CPU
		{43681A8D-23FE-4AB4-8EC3-FD5B78217E62}.Debug|x64.Build.0 = Debug|Any CPU
		{43681A8D-23FE-4AB4-8EC3-FD5B78217E62}.Debug|x86.ActiveCfg = Debug|Any CPU
		{43681A8D-23FE-4AB4-8EC3-FD5B78217E62}.Debug|x86.Build.0 = Debug|Any CPU
		{43681A8D-23FE-4AB4-8EC3-FD5B78217E62}.Release|Any CPU.ActiveCfg = Release|Any CPU
		{43681A8D-23FE-4AB4-8EC3-FD5B78217E62}.Release|Any CPU.Build.0 = Release|Any CPU
		{43681A8D-23FE-4AB4-8EC3-FD5B78217E62}.Release|x64.ActiveCfg = Release|Any CPU
		{43681A8D-23FE-4AB4-8EC3-FD5B78217E62}.Release|x64.Build.0 = Release|Any CPU
		{43681A8D-23FE-4AB4-8EC3-FD5B78217E62}.Release|x86.ActiveCfg = Release|Any CPU
		{43681A8D-23FE-4AB4-8EC3-FD5B78217E62}.Release|x86.Build.0 = Release|Any CPU
		{72E24470-5BF9-4ED8-B040-5916FB639180}.Debug|Any CPU.ActiveCfg = Debug|Any CPU
		{72E24470-5BF9-4ED8-B040-5916FB639180}.Debug|Any CPU.Build.0 = Debug|Any CPU
		{72E24470-5BF9-4ED8-B040-5916FB639180}.Debug|x64.ActiveCfg = Debug|Any CPU
		{72E24470-5BF9-4ED8-B040-5916FB639180}.Debug|x64.Build.0 = Debug|Any CPU
		{72E24470-5BF9-4ED8-B040-5916FB639180}.Debug|x86.ActiveCfg = Debug|Any CPU
		{72E24470-5BF9-4ED8-B040-5916FB639180}.Debug|x86.Build.0 = Debug|Any CPU
		{72E24470-5BF9-4ED8-B040-5916FB639180}.Release|Any CPU.ActiveCfg = Release|Any CPU
		{72E24470-5BF9-4ED8-B040-5916FB639180}.Release|Any CPU.Build.0 = Release|Any CPU
		{72E24470-5BF9-4ED8-B040-5916FB639180}.Release|x64.ActiveCfg = Release|Any CPU
		{72E24470-5BF9-4ED8-B040-5916FB639180}.Release|x64.Build.0 = Release|Any CPU
		{72E24470-5BF9-4ED8-B040-5916FB639180}.Release|x86.ActiveCfg = Release|Any CPU
		{72E24470-5BF9-4ED8-B040-5916FB639180}.Release|x86.Build.0 = Release|Any CPU
		{A4A3FA36-8E3E-4D40-BC2F-371E9103B9AA}.Debug|Any CPU.ActiveCfg = Debug|Any CPU
		{A4A3FA36-8E3E-4D40-BC2F-371E9103B9AA}.Debug|Any CPU.Build.0 = Debug|Any CPU
		{A4A3FA36-8E3E-4D40-BC2F-371E9103B9AA}.Debug|x64.ActiveCfg = Debug|Any CPU
		{A4A3FA36-8E3E-4D40-BC2F-371E9103B9AA}.Debug|x64.Build.0 = Debug|Any CPU
		{A4A3FA36-8E3E-4D40-BC2F-371E9103B9AA}.Debug|x86.ActiveCfg = Debug|Any CPU
		{A4A3FA36-8E3E-4D40-BC2F-371E9103B9AA}.Debug|x86.Build.0 = Debug|Any CPU
		{A4A3FA36-8E3E-4D40-BC2F-371E9103B9AA}.Release|Any CPU.ActiveCfg = Release|Any CPU
		{A4A3FA36-8E3E-4D40-BC2F-371E9103B9AA}.Release|Any CPU.Build.0 = Release|Any CPU
		{A4A3FA36-8E3E-4D40-BC2F-371E9103B9AA}.Release|x64.ActiveCfg = Release|Any CPU
		{A4A3FA36-8E3E-4D40-BC2F-371E9103B9AA}.Release|x64.Build.0 = Release|Any CPU
		{A4A3FA36-8E3E-4D40-BC2F-371E9103B9AA}.Release|x86.ActiveCfg = Release|Any CPU
		{A4A3FA36-8E3E-4D40-BC2F-371E9103B9AA}.Release|x86.Build.0 = Release|Any CPU
	EndGlobalSection
EndGlobal
